// !$*UTF8*$!
{
	archiveVersion = 1;
	classes = {
	};
	objectVersion = 63;
	objects = {

/* Begin PBXBuildFile section */
		02B3E4CFE5B777C381097507 /* Assets.xcassets in Resources */ = {isa = PBXBuildFile; fileRef = 80B8F4646089AE9F5B1850BE /* Assets.xcassets */; };
		04358530F98346A4BB37F44A /* PlacesTab/PlacesView.swift in Sources */ = {isa = PBXBuildFile; fileRef = F2645313D49843ABADFFFAA9 /* PlacesTab/PlacesView.swift */; };
		0BF97EEC3EA40730A3C65A83 /* LocationManager.swift in Sources */ = {isa = PBXBuildFile; fileRef = C8DE6F4F200B07538B356767 /* LocationManager.swift */; };
		0F0F4B7191FFB2B3353E314B /* QRCodeScanner.swift in Sources */ = {isa = PBXBuildFile; fileRef = 5BF5DCB78311AB9ADB7D4326 /* QRCodeScanner.swift */; };
		22A0363BA41C4FD793295655 /* CitiesTab/CitiesView.swift in Sources */ = {isa = PBXBuildFile; fileRef = 380A6739AA924F0794839A66 /* CitiesTab/CitiesView.swift */; };
		3E39533E64764515B5E4F4DF /* PlaceDetectionManager.swift in Sources */ = {isa = PBXBuildFile; fileRef = 47CF5B2EDC45422DBD72A503 /* PlaceDetectionManager.swift */; };
		40A8C892C98899F71E2A4D9A /* LocationData.swift in Sources */ = {isa = PBXBuildFile; fileRef = 346498DDAE8EE7BA2630A64C /* LocationData.swift */; };
		49E968F2562032E4C88261E4 /* SettingsManager.swift in Sources */ = {isa = PBXBuildFile; fileRef = 2DE5987B17790A699A54985D /* SettingsManager.swift */; };
		4E1F894E1B4B077C5EE96BAF /* TrackingSettings.swift in Sources */ = {isa = PBXBuildFile; fileRef = 3E59F9CEAC0AAD961A876C93 /* TrackingSettings.swift */; };
		6BBD5885F97941F090273805 /* InsightsManager.swift in Sources */ = {isa = PBXBuildFile; fileRef = 40E7FDBC00BC4D659B8772ED /* InsightsManager.swift */; };
		7533623D0C051FCE8A6CE289 /* SettingsView.swift in Sources */ = {isa = PBXBuildFile; fileRef = CBDD3DC27AC7D30E608E5F6E /* SettingsView.swift */; };
		867E1BD7DB67B33955F468C5 /* ServerConfig.swift in Sources */ = {isa = PBXBuildFile; fileRef = B11E03C0F45DFFECE74D7CA2 /* ServerConfig.swift */; };
		8C03DEBA87B402FCEE4561CC /* MotionManager.swift in Sources */ = {isa = PBXBuildFile; fileRef = 592AD840CA838392C4D6AE12 /* MotionManager.swift */; };
		8FE6245B58B232D872565AE6 /* NextTrackApp.swift in Sources */ = {isa = PBXBuildFile; fileRef = 4A14DA9CDE6C91B826D53928 /* NextTrackApp.swift */; };
		932AC6367091F12AC6481046 /* MainView.swift in Sources */ = {isa = PBXBuildFile; fileRef = 4C35AAAAD93F2CE96B3BB5E4 /* MainView.swift */; };
		9B29C10F80635B8C9AB13106 /* BackgroundTaskManager.swift in Sources */ = {isa = PBXBuildFile; fileRef = 7E93E270147565F75E368E4D /* BackgroundTaskManager.swift */; };
		ADF716196ED7485597079DDA /* CityTracker.swift in Sources */ = {isa = PBXBuildFile; fileRef = DBDDE8A370F543099B9BB3E5 /* CityTracker.swift */; };
		AFECA9F2358249DBA1DA2F06 /* InsightsTab/InsightsView.swift in Sources */ = {isa = PBXBuildFile; fileRef = C20D411677CE474BB13A34D8 /* InsightsTab/InsightsView.swift */; };
		B20E2FAD87B7981167ACAB78 /* MapPreviewView.swift in Sources */ = {isa = PBXBuildFile; fileRef = E8E44A2D0616D9C0AC17C915 /* MapPreviewView.swift */; };
		CC21C639C49E4BD68A0BC3E1 /* Insights.swift in Sources */ = {isa = PBXBuildFile; fileRef = CD50B260139B4567B56B9236 /* Insights.swift */; };
		CCED87382434579FEEBA2F67 /* PhoneTrackAPI.swift in Sources */ = {isa = PBXBuildFile; fileRef = FEB78ECA975363312D362521 /* PhoneTrackAPI.swift */; };
		D539ED02DD184478A42988FC /* DetectedPlace.swift in Sources */ = {isa = PBXBuildFile; fileRef = B4A6E5DB6608472C859BDAF0 /* DetectedPlace.swift */; };
		D5A336405FFA43D6B0017AEC /* Components/ScrollableTabBar.swift in Sources */ = {isa = PBXBuildFile; fileRef = 4F9A100461CF43B7B6BF03AC /* Components/ScrollableTabBar.swift */; };
		D5F89A5F1DF16B39C36B02DC /* BatteryMonitor.swift in Sources */ = {isa = PBXBuildFile; fileRef = 9899C19CAEA479C655094AFE /* BatteryMonitor.swift */; };
		DAC048833DBCB45E64DA82FC /* UserDefaultsKeys.swift in Sources */ = {isa = PBXBuildFile; fileRef = 59A4670E34D04416D5781ABF /* UserDefaultsKeys.swift */; };
		DC1F6BE7E2ED4284BEA9EE55 /* VisitedCity.swift in Sources */ = {isa = PBXBuildFile; fileRef = 4B10B6DC1CEB4EF2A062932C /* VisitedCity.swift */; };
		E076BA062F143AC40017713E /* QuickFrequencyPillView.swift in Sources */ = {isa = PBXBuildFile; fileRef = E076BA052F143AC40017713E /* QuickFrequencyPillView.swift */; };
		E076BA082F1443F60017713E /* ShatterView.swift in Sources */ = {isa = PBXBuildFile; fileRef = E076BA072F1443F60017713E /* ShatterView.swift */; };
		E076BA0D2F14FF920017713E /* VisitedView.swift in Sources */ = {isa = PBXBuildFile; fileRef = E076BA0B2F14FF920017713E /* VisitedView.swift */; };
		E076BA0E2F14FF920017713E /* PinMarkerView.swift in Sources */ = {isa = PBXBuildFile; fileRef = E076BA092F14FF920017713E /* PinMarkerView.swift */; };
		E076BA0F2F14FF920017713E /* VisitedMapView.swift in Sources */ = {isa = PBXBuildFile; fileRef = E076BA0A2F14FF920017713E /* VisitedMapView.swift */; };
		E076BA112F1502EE0017713E /* CitySearchCompleter.swift in Sources */ = {isa = PBXBuildFile; fileRef = E076BA102F1502EE0017713E /* CitySearchCompleter.swift */; };
		E076BA182F156A000017713E /* VisitedMapController.swift in Sources */ = {isa = PBXBuildFile; fileRef = E076BA192F156A000017713E /* VisitedMapController.swift */; };
		E076BA192F15326F0017713E /* BackupRestoreView.swift in Sources */ = {isa = PBXBuildFile; fileRef = E076BA182F15326F0017713E /* BackupRestoreView.swift */; };
		E076BA1B2F153CFD0017713E /* TrackingSettings.swift in Sources */ = {isa = PBXBuildFile; fileRef = E076BA1A2F153CFD0017713E /* TrackingSettings.swift */; };
		E076BA1D2F17A5170017713E /* PhotoImportView.swift in Sources */ = {isa = PBXBuildFile; fileRef = E076BA1C2F17A5170017713E /* PhotoImportView.swift */; };
		E076BA1F2F17A52F0017713E /* PhotoImportManager.swift in Sources */ = {isa = PBXBuildFile; fileRef = E076BA1E2F17A52F0017713E /* PhotoImportManager.swift */; };
		E0A6A9112F0DD8C600D86263 /* ConnectionMonitor.swift in Sources */ = {isa = PBXBuildFile; fileRef = E0A6A90F2F0DD8C500D86263 /* ConnectionMonitor.swift */; };
		E0A6A9122F0DD8C600D86263 /* GeofenceManager.swift in Sources */ = {isa = PBXBuildFile; fileRef = E0A6A9102F0DD8C500D86263 /* GeofenceManager.swift */; };
		E0A6A9142F0DD92100D86263 /* HapticManager.swift in Sources */ = {isa = PBXBuildFile; fileRef = E0A6A9132F0DD92100D86263 /* HapticManager.swift */; };
		E0A6A9162F0DD9D700D86263 /* TrackingHistory.swift in Sources */ = {isa = PBXBuildFile; fileRef = E0A6A9152F0DD9D700D86263 /* TrackingHistory.swift */; };
		E0A6A9182F0DDAF900D86263 /* StatsHistoryView.swift in Sources */ = {isa = PBXBuildFile; fileRef = E0A6A9172F0DDAF900D86263 /* StatsHistoryView.swift */; };
		E0A6A91A2F0DDB1A00D86263 /* GeofenceSettingsView.swift in Sources */ = {isa = PBXBuildFile; fileRef = E0A6A9192F0DDB1A00D86263 /* GeofenceSettingsView.swift */; };
		E0A6A91C2F0DE02400D86263 /* CustomTitleHeaderView.swift in Sources */ = {isa = PBXBuildFile; fileRef = E0A6A91B2F0DE02400D86263 /* CustomTitleHeaderView.swift */; };
		E0A6A91E2F0E5F2200D86263 /* AutoExportManager.swift in Sources */ = {isa = PBXBuildFile; fileRef = E0A6A91D2F0E5F2200D86263 /* AutoExportManager.swift */; };
		E0A6A9222F10091F00D86263 /* TrackingStateManager.swift in Sources */ = {isa = PBXBuildFile; fileRef = E0A6A9212F10091F00D86263 /* TrackingStateManager.swift */; };
		E0BFC0502F10710C00B1E23B /* CountriesManager.swift in Sources */ = {isa = PBXBuildFile; fileRef = E0BFC04F2F10710C00B1E23B /* CountriesManager.swift */; };
		E0BFC0532F10718700B1E23B /* VisitedCountry.swift in Sources */ = {isa = PBXBuildFile; fileRef = E0BFC0522F10718700B1E23B /* VisitedCountry.swift */; };
		E0BFC0542F10718700B1E23B /* GeoJSONModels.swift in Sources */ = {isa = PBXBuildFile; fileRef = E0BFC0512F10718700B1E23B /* GeoJSONModels.swift */; };
		E0BFC05B2F1071A800B1E23B /* CountriesListView.swift in Sources */ = {isa = PBXBuildFile; fileRef = E0BFC0562F1071A800B1E23B /* CountriesListView.swift */; };
		E0BFC05C2F1071A800B1E23B /* CountryDetailView.swift in Sources */ = {isa = PBXBuildFile; fileRef = E0BFC0592F1071A800B1E23B /* CountryDetailView.swift */; };
		E0BFC05D2F1071A800B1E23B /* CountriesView.swift in Sources */ = {isa = PBXBuildFile; fileRef = E0BFC0582F1071A800B1E23B /* CountriesView.swift */; };
		E0BFC05E2F1071A800B1E23B /* CountriesMapView.swift in Sources */ = {isa = PBXBuildFile; fileRef = E0BFC0572F1071A800B1E23B /* CountriesMapView.swift */; };
		E0BFC05F2F1071A800B1E23B /* AddCountrySheet.swift in Sources */ = {isa = PBXBuildFile; fileRef = E0BFC0552F1071A800B1E23B /* AddCountrySheet.swift */; };
		E0BFC06C2F11366800B1E23B /* UKCitiesMapView.swift in Sources */ = {isa = PBXBuildFile; fileRef = E0BFC0682F11366800B1E23B /* UKCitiesMapView.swift */; };
		E0BFC06D2F11366800B1E23B /* UKCityDetailSheet.swift in Sources */ = {isa = PBXBuildFile; fileRef = E0BFC06A2F11366800B1E23B /* UKCityDetailSheet.swift */; };
		E0BFC06E2F11366800B1E23B /* UKCitiesView.swift in Sources */ = {isa = PBXBuildFile; fileRef = E0BFC0692F11366800B1E23B /* UKCitiesView.swift */; };
		E0BFC0702F11369E00B1E23B /* UKCityData.swift in Sources */ = {isa = PBXBuildFile; fileRef = E0BFC06F2F11369E00B1E23B /* UKCityData.swift */; };
		E0BFC0722F1136B000B1E23B /* UKCitiesManager.swift in Sources */ = {isa = PBXBuildFile; fileRef = E0BFC0712F1136B000B1E23B /* UKCitiesManager.swift */; };
		E0BFC0742F114DD800B1E23B /* AddUKCitySheet.swift in Sources */ = {isa = PBXBuildFile; fileRef = E0BFC0732F114DD800B1E23B /* AddUKCitySheet.swift */; };
		E0BFC0762F11B27100B1E23B /* ErrorStateManager.swift in Sources */ = {isa = PBXBuildFile; fileRef = E0BFC0752F11B27100B1E23B /* ErrorStateManager.swift */; };
		E0BFC0782F11B33800B1E23B /* AppError.swift in Sources */ = {isa = PBXBuildFile; fileRef = E0BFC0772F11B33800B1E23B /* AppError.swift */; };
		E0BFC07A2F11B35700B1E23B /* Logger.swift in Sources */ = {isa = PBXBuildFile; fileRef = E0BFC0792F11B35700B1E23B /* Logger.swift */; };
		E0BFC07C2F11B38500B1E23B /* ErrorBannerView.swift in Sources */ = {isa = PBXBuildFile; fileRef = E0BFC07B2F11B38500B1E23B /* ErrorBannerView.swift */; };
		E0BFC07E2F11B3A500B1E23B /* OnboardingView.swift in Sources */ = {isa = PBXBuildFile; fileRef = E0BFC07D2F11B3A500B1E23B /* OnboardingView.swift */; };
		E0BFC0802F12ED2700B1E23B /* SplashScreenView.swift in Sources */ = {isa = PBXBuildFile; fileRef = E0BFC07F2F12ED2700B1E23B /* SplashScreenView.swift */; };
		E0BFC0822F12F9C400B1E23B /* Video_Duration_and_Animation_Adjusted.mp4 in Resources */ = {isa = PBXBuildFile; fileRef = E0BFC0812F12F9C400B1E23B /* Video_Duration_and_Animation_Adjusted.mp4 */; };
		E0BFC0862F1314BA00B1E23B /* iCloudSyncManager.swift in Sources */ = {isa = PBXBuildFile; fileRef = E0BFC0852F1314BA00B1E23B /* iCloudSyncManager.swift */; };
		E0BFC0882F13162B00B1E23B /* iCloudSyncPopupView.swift in Sources */ = {isa = PBXBuildFile; fileRef = E0BFC0872F13162B00B1E23B /* iCloudSyncPopupView.swift */; };
		E0BFC08A2F1317DE00B1E23B /* FullBackupManager.swift in Sources */ = {isa = PBXBuildFile; fileRef = E0BFC0892F1317DE00B1E23B /* FullBackupManager.swift */; };
		E0GEO1234567890ABCDEF01 /* countries.geojson in Resources */ = {isa = PBXBuildFile; fileRef = E0GEO9876543210FEDCBA01 /* countries.geojson */; };
		E0LAD1234567890ABCDEF02 /* uk_lads.geojson in Resources */ = {isa = PBXBuildFile; fileRef = E0LAD9876543210FEDCBA02 /* uk_lads.geojson */; };
		E0QGF0012F162B0000B1E23B /* QuickGeofencePillView.swift in Sources */ = {isa = PBXBuildFile; fileRef = E0QGF0002F162B0000B1E23B /* QuickGeofencePillView.swift */; };
		E0RST0012F163C0000B1E23B /* RestartBannerView.swift in Sources */ = {isa = PBXBuildFile; fileRef = E0RST0002F163C0000B1E23B /* RestartBannerView.swift */; };
		E0SEC0012F164A0000B1E23B /* SecuritySettings.swift in Sources */ = {isa = PBXBuildFile; fileRef = E0SEC0002F164A0000B1E23B /* SecuritySettings.swift */; };
		E0SEC0032F164A0000B1E23B /* AppLockView.swift in Sources */ = {isa = PBXBuildFile; fileRef = E0SEC0022F164A0000B1E23B /* AppLockView.swift */; };
		E0SEC0052F164A0000B1E23B /* SecuritySettingsView.swift in Sources */ = {isa = PBXBuildFile; fileRef = E0SEC0042F164A0000B1E23B /* SecuritySettingsView.swift */; };
/* End PBXBuildFile section */

/* Begin PBXFileReference section */
		00672FCDE1B7F139910A5411 /* Been There.app */ = {isa = PBXFileReference; explicitFileType = wrapper.application; includeInIndex = 0; path = "Been There.app"; sourceTree = BUILT_PRODUCTS_DIR; };
		0D26E492F1DABC170BFA87B9 /* Been There.entitlements */ = {isa = PBXFileReference; lastKnownFileType = text.plist.entitlements; path = "Been There.entitlements"; sourceTree = "<group>"; };
		2DE5987B17790A699A54985D /* SettingsManager.swift */ = {isa = PBXFileReference; lastKnownFileType = sourcecode.swift; path = SettingsManager.swift; sourceTree = "<group>"; };
		346498DDAE8EE7BA2630A64C /* LocationData.swift */ = {isa = PBXFileReference; lastKnownFileType = sourcecode.swift; path = LocationData.swift; sourceTree = "<group>"; };
		380A6739AA924F0794839A66 /* CitiesTab/CitiesView.swift */ = {isa = PBXFileReference; lastKnownFileType = sourcecode.swift; path = CitiesTab/CitiesView.swift; sourceTree = "<group>"; };
		3E59F9CEAC0AAD961A876C93 /* TrackingSettings.swift */ = {isa = PBXFileReference; lastKnownFileType = sourcecode.swift; path = TrackingSettings.swift; sourceTree = "<group>"; };
		40E7FDBC00BC4D659B8772ED /* InsightsManager.swift */ = {isa = PBXFileReference; lastKnownFileType = sourcecode.swift; path = InsightsManager.swift; sourceTree = "<group>"; };
		47CF5B2EDC45422DBD72A503 /* PlaceDetectionManager.swift */ = {isa = PBXFileReference; lastKnownFileType = sourcecode.swift; path = PlaceDetectionManager.swift; sourceTree = "<group>"; };
		4A14DA9CDE6C91B826D53928 /* NextTrackApp.swift */ = {isa = PBXFileReference; lastKnownFileType = sourcecode.swift; path = NextTrackApp.swift; sourceTree = "<group>"; };
		4B10B6DC1CEB4EF2A062932C /* VisitedCity.swift */ = {isa = PBXFileReference; lastKnownFileType = sourcecode.swift; path = VisitedCity.swift; sourceTree = "<group>"; };
		4C35AAAAD93F2CE96B3BB5E4 /* MainView.swift */ = {isa = PBXFileReference; lastKnownFileType = sourcecode.swift; path = MainView.swift; sourceTree = "<group>"; };
		4F9A100461CF43B7B6BF03AC /* Components/ScrollableTabBar.swift */ = {isa = PBXFileReference; lastKnownFileType = sourcecode.swift; path = Components/ScrollableTabBar.swift; sourceTree = "<group>"; };
		592AD840CA838392C4D6AE12 /* MotionManager.swift */ = {isa = PBXFileReference; lastKnownFileType = sourcecode.swift; path = MotionManager.swift; sourceTree = "<group>"; };
		59A4670E34D04416D5781ABF /* UserDefaultsKeys.swift */ = {isa = PBXFileReference; lastKnownFileType = sourcecode.swift; path = UserDefaultsKeys.swift; sourceTree = "<group>"; };
		5BF5DCB78311AB9ADB7D4326 /* QRCodeScanner.swift */ = {isa = PBXFileReference; lastKnownFileType = sourcecode.swift; path = QRCodeScanner.swift; sourceTree = "<group>"; };
		7E93E270147565F75E368E4D /* BackgroundTaskManager.swift */ = {isa = PBXFileReference; lastKnownFileType = sourcecode.swift; path = BackgroundTaskManager.swift; sourceTree = "<group>"; };
		80B8F4646089AE9F5B1850BE /* Assets.xcassets */ = {isa = PBXFileReference; lastKnownFileType = folder.assetcatalog; path = Assets.xcassets; sourceTree = "<group>"; };
		9899C19CAEA479C655094AFE /* BatteryMonitor.swift */ = {isa = PBXFileReference; lastKnownFileType = sourcecode.swift; path = BatteryMonitor.swift; sourceTree = "<group>"; };
		B11E03C0F45DFFECE74D7CA2 /* ServerConfig.swift */ = {isa = PBXFileReference; lastKnownFileType = sourcecode.swift; path = ServerConfig.swift; sourceTree = "<group>"; };
		B4A6E5DB6608472C859BDAF0 /* DetectedPlace.swift */ = {isa = PBXFileReference; lastKnownFileType = sourcecode.swift; path = DetectedPlace.swift; sourceTree = "<group>"; };
		C20D411677CE474BB13A34D8 /* InsightsTab/InsightsView.swift */ = {isa = PBXFileReference; lastKnownFileType = sourcecode.swift; path = InsightsTab/InsightsView.swift; sourceTree = "<group>"; };
		C737BCF0ACCC800B9440F1F7 /* Info.plist */ = {isa = PBXFileReference; lastKnownFileType = text.plist; path = Info.plist; sourceTree = "<group>"; };
		C8DE6F4F200B07538B356767 /* LocationManager.swift */ = {isa = PBXFileReference; lastKnownFileType = sourcecode.swift; path = LocationManager.swift; sourceTree = "<group>"; };
		CBDD3DC27AC7D30E608E5F6E /* SettingsView.swift */ = {isa = PBXFileReference; lastKnownFileType = sourcecode.swift; path = SettingsView.swift; sourceTree = "<group>"; };
		CD50B260139B4567B56B9236 /* Insights.swift */ = {isa = PBXFileReference; lastKnownFileType = sourcecode.swift; path = Insights.swift; sourceTree = "<group>"; };
		DBDDE8A370F543099B9BB3E5 /* CityTracker.swift */ = {isa = PBXFileReference; lastKnownFileType = sourcecode.swift; path = CityTracker.swift; sourceTree = "<group>"; };
		E076BA052F143AC40017713E /* QuickFrequencyPillView.swift */ = {isa = PBXFileReference; lastKnownFileType = sourcecode.swift; path = QuickFrequencyPillView.swift; sourceTree = "<group>"; };
		E076BA072F1443F60017713E /* ShatterView.swift */ = {isa = PBXFileReference; lastKnownFileType = sourcecode.swift; path = ShatterView.swift; sourceTree = "<group>"; };
		E076BA092F14FF920017713E /* PinMarkerView.swift */ = {isa = PBXFileReference; lastKnownFileType = sourcecode.swift; path = PinMarkerView.swift; sourceTree = "<group>"; };
		E076BA0A2F14FF920017713E /* VisitedMapView.swift */ = {isa = PBXFileReference; lastKnownFileType = sourcecode.swift; path = VisitedMapView.swift; sourceTree = "<group>"; };
		E076BA0B2F14FF920017713E /* VisitedView.swift */ = {isa = PBXFileReference; lastKnownFileType = sourcecode.swift; path = VisitedView.swift; sourceTree = "<group>"; };
		E076BA102F1502EE0017713E /* CitySearchCompleter.swift */ = {isa = PBXFileReference; lastKnownFileType = sourcecode.swift; path = CitySearchCompleter.swift; sourceTree = "<group>"; };
		E076BA182F15326F0017713E /* BackupRestoreView.swift */ = {isa = PBXFileReference; lastKnownFileType = sourcecode.swift; path = BackupRestoreView.swift; sourceTree = "<group>"; };
		E076BA192F156A000017713E /* VisitedMapController.swift */ = {isa = PBXFileReference; lastKnownFileType = sourcecode.swift; path = VisitedMapController.swift; sourceTree = "<group>"; };
		E076BA1A2F153CFD0017713E /* TrackingSettings.swift */ = {isa = PBXFileReference; lastKnownFileType = sourcecode.swift; path = TrackingSettings.swift; sourceTree = "<group>"; };
		E076BA1C2F17A5170017713E /* PhotoImportView.swift */ = {isa = PBXFileReference; lastKnownFileType = sourcecode.swift; path = PhotoImportView.swift; sourceTree = "<group>"; };
		E076BA1E2F17A52F0017713E /* PhotoImportManager.swift */ = {isa = PBXFileReference; lastKnownFileType = sourcecode.swift; path = PhotoImportManager.swift; sourceTree = "<group>"; };
		E0A6A90F2F0DD8C500D86263 /* ConnectionMonitor.swift */ = {isa = PBXFileReference; lastKnownFileType = sourcecode.swift; path = ConnectionMonitor.swift; sourceTree = "<group>"; };
		E0A6A9102F0DD8C500D86263 /* GeofenceManager.swift */ = {isa = PBXFileReference; lastKnownFileType = sourcecode.swift; path = GeofenceManager.swift; sourceTree = "<group>"; };
		E0A6A9132F0DD92100D86263 /* HapticManager.swift */ = {isa = PBXFileReference; lastKnownFileType = sourcecode.swift; path = HapticManager.swift; sourceTree = "<group>"; };
		E0A6A9152F0DD9D700D86263 /* TrackingHistory.swift */ = {isa = PBXFileReference; lastKnownFileType = sourcecode.swift; path = TrackingHistory.swift; sourceTree = "<group>"; };
		E0A6A9172F0DDAF900D86263 /* StatsHistoryView.swift */ = {isa = PBXFileReference; lastKnownFileType = sourcecode.swift; path = StatsHistoryView.swift; sourceTree = "<group>"; };
		E0A6A9192F0DDB1A00D86263 /* GeofenceSettingsView.swift */ = {isa = PBXFileReference; lastKnownFileType = sourcecode.swift; path = GeofenceSettingsView.swift; sourceTree = "<group>"; };
		E0A6A91B2F0DE02400D86263 /* CustomTitleHeaderView.swift */ = {isa = PBXFileReference; lastKnownFileType = sourcecode.swift; path = CustomTitleHeaderView.swift; sourceTree = "<group>"; };
		E0A6A91D2F0E5F2200D86263 /* AutoExportManager.swift */ = {isa = PBXFileReference; lastKnownFileType = sourcecode.swift; path = AutoExportManager.swift; sourceTree = "<group>"; };
		E0A6A9212F10091F00D86263 /* TrackingStateManager.swift */ = {isa = PBXFileReference; lastKnownFileType = sourcecode.swift; path = TrackingStateManager.swift; sourceTree = "<group>"; };
		E0BFC04F2F10710C00B1E23B /* CountriesManager.swift */ = {isa = PBXFileReference; lastKnownFileType = sourcecode.swift; path = CountriesManager.swift; sourceTree = "<group>"; };
		E0BFC0512F10718700B1E23B /* GeoJSONModels.swift */ = {isa = PBXFileReference; lastKnownFileType = sourcecode.swift; path = GeoJSONModels.swift; sourceTree = "<group>"; };
		E0BFC0522F10718700B1E23B /* VisitedCountry.swift */ = {isa = PBXFileReference; lastKnownFileType = sourcecode.swift; path = VisitedCountry.swift; sourceTree = "<group>"; };
		E0BFC0552F1071A800B1E23B /* AddCountrySheet.swift */ = {isa = PBXFileReference; lastKnownFileType = sourcecode.swift; path = AddCountrySheet.swift; sourceTree = "<group>"; };
		E0BFC0562F1071A800B1E23B /* CountriesListView.swift */ = {isa = PBXFileReference; lastKnownFileType = sourcecode.swift; path = CountriesListView.swift; sourceTree = "<group>"; };
		E0BFC0572F1071A800B1E23B /* CountriesMapView.swift */ = {isa = PBXFileReference; lastKnownFileType = sourcecode.swift; path = CountriesMapView.swift; sourceTree = "<group>"; };
		E0BFC0582F1071A800B1E23B /* CountriesView.swift */ = {isa = PBXFileReference; lastKnownFileType = sourcecode.swift; path = CountriesView.swift; sourceTree = "<group>"; };
		E0BFC0592F1071A800B1E23B /* CountryDetailView.swift */ = {isa = PBXFileReference; lastKnownFileType = sourcecode.swift; path = CountryDetailView.swift; sourceTree = "<group>"; };
		E0BFC0682F11366800B1E23B /* UKCitiesMapView.swift */ = {isa = PBXFileReference; lastKnownFileType = sourcecode.swift; path = UKCitiesMapView.swift; sourceTree = "<group>"; };
		E0BFC0692F11366800B1E23B /* UKCitiesView.swift */ = {isa = PBXFileReference; lastKnownFileType = sourcecode.swift; path = UKCitiesView.swift; sourceTree = "<group>"; };
		E0BFC06A2F11366800B1E23B /* UKCityDetailSheet.swift */ = {isa = PBXFileReference; lastKnownFileType = sourcecode.swift; path = UKCityDetailSheet.swift; sourceTree = "<group>"; };
		E0BFC06F2F11369E00B1E23B /* UKCityData.swift */ = {isa = PBXFileReference; lastKnownFileType = sourcecode.swift; path = UKCityData.swift; sourceTree = "<group>"; };
		E0BFC0712F1136B000B1E23B /* UKCitiesManager.swift */ = {isa = PBXFileReference; lastKnownFileType = sourcecode.swift; path = UKCitiesManager.swift; sourceTree = "<group>"; };
		E0BFC0732F114DD800B1E23B /* AddUKCitySheet.swift */ = {isa = PBXFileReference; lastKnownFileType = sourcecode.swift; path = AddUKCitySheet.swift; sourceTree = "<group>"; };
		E0BFC0752F11B27100B1E23B /* ErrorStateManager.swift */ = {isa = PBXFileReference; lastKnownFileType = sourcecode.swift; path = ErrorStateManager.swift; sourceTree = "<group>"; };
		E0BFC0772F11B33800B1E23B /* AppError.swift */ = {isa = PBXFileReference; lastKnownFileType = sourcecode.swift; path = AppError.swift; sourceTree = "<group>"; };
		E0BFC0792F11B35700B1E23B /* Logger.swift */ = {isa = PBXFileReference; lastKnownFileType = sourcecode.swift; path = Logger.swift; sourceTree = "<group>"; };
		E0BFC07B2F11B38500B1E23B /* ErrorBannerView.swift */ = {isa = PBXFileReference; lastKnownFileType = sourcecode.swift; path = ErrorBannerView.swift; sourceTree = "<group>"; };
		E0BFC07D2F11B3A500B1E23B /* OnboardingView.swift */ = {isa = PBXFileReference; lastKnownFileType = sourcecode.swift; path = OnboardingView.swift; sourceTree = "<group>"; };
		E0BFC07F2F12ED2700B1E23B /* SplashScreenView.swift */ = {isa = PBXFileReference; lastKnownFileType = sourcecode.swift; path = SplashScreenView.swift; sourceTree = "<group>"; };
		E0BFC0812F12F9C400B1E23B /* Video_Duration_and_Animation_Adjusted.mp4 */ = {isa = PBXFileReference; lastKnownFileType = file; path = Video_Duration_and_Animation_Adjusted.mp4; sourceTree = "<group>"; };
		E0BFC0852F1314BA00B1E23B /* iCloudSyncManager.swift */ = {isa = PBXFileReference; lastKnownFileType = sourcecode.swift; path = iCloudSyncManager.swift; sourceTree = "<group>"; };
		E0BFC0872F13162B00B1E23B /* iCloudSyncPopupView.swift */ = {isa = PBXFileReference; lastKnownFileType = sourcecode.swift; path = iCloudSyncPopupView.swift; sourceTree = "<group>"; };
		E0BFC0892F1317DE00B1E23B /* FullBackupManager.swift */ = {isa = PBXFileReference; lastKnownFileType = sourcecode.swift; path = FullBackupManager.swift; sourceTree = "<group>"; };
		E0GEO9876543210FEDCBA01 /* countries.geojson */ = {isa = PBXFileReference; lastKnownFileType = text.json; path = countries.geojson; sourceTree = "<group>"; };
		E0LAD9876543210FEDCBA02 /* uk_lads.geojson */ = {isa = PBXFileReference; lastKnownFileType = text.json; path = uk_lads.geojson; sourceTree = "<group>"; };
		E0QGF0002F162B0000B1E23B /* QuickGeofencePillView.swift */ = {isa = PBXFileReference; lastKnownFileType = sourcecode.swift; path = QuickGeofencePillView.swift; sourceTree = "<group>"; };
		E0RST0002F163C0000B1E23B /* RestartBannerView.swift */ = {isa = PBXFileReference; lastKnownFileType = sourcecode.swift; path = RestartBannerView.swift; sourceTree = "<group>"; };
		E0SEC0002F164A0000B1E23B /* SecuritySettings.swift */ = {isa = PBXFileReference; lastKnownFileType = sourcecode.swift; path = SecuritySettings.swift; sourceTree = "<group>"; };
		E0SEC0022F164A0000B1E23B /* AppLockView.swift */ = {isa = PBXFileReference; lastKnownFileType = sourcecode.swift; path = AppLockView.swift; sourceTree = "<group>"; };
		E0SEC0042F164A0000B1E23B /* SecuritySettingsView.swift */ = {isa = PBXFileReference; lastKnownFileType = sourcecode.swift; path = SecuritySettingsView.swift; sourceTree = "<group>"; };
		E8E44A2D0616D9C0AC17C915 /* MapPreviewView.swift */ = {isa = PBXFileReference; lastKnownFileType = sourcecode.swift; path = MapPreviewView.swift; sourceTree = "<group>"; };
		F2645313D49843ABADFFFAA9 /* PlacesTab/PlacesView.swift */ = {isa = PBXFileReference; lastKnownFileType = sourcecode.swift; path = PlacesTab/PlacesView.swift; sourceTree = "<group>"; };
		FEB78ECA975363312D362521 /* PhoneTrackAPI.swift */ = {isa = PBXFileReference; lastKnownFileType = sourcecode.swift; path = PhoneTrackAPI.swift; sourceTree = "<group>"; };
/* End PBXFileReference section */

/* Begin PBXGroup section */
		45AE7EF169958114A8E6B25C /* Services */ = {
			isa = PBXGroup;
			children = (
				E0A6A91D2F0E5F2200D86263 /* AutoExportManager.swift */,
				E0BFC0712F1136B000B1E23B /* UKCitiesManager.swift */,
				7E93E270147565F75E368E4D /* BackgroundTaskManager.swift */,
				E0BFC0752F11B27100B1E23B /* ErrorStateManager.swift */,
				9899C19CAEA479C655094AFE /* BatteryMonitor.swift */,
				E076BA1E2F17A52F0017713E /* PhotoImportManager.swift */,
				C8DE6F4F200B07538B356767 /* LocationManager.swift */,
				E0BFC0892F1317DE00B1E23B /* FullBackupManager.swift */,
				E0BFC0852F1314BA00B1E23B /* iCloudSyncManager.swift */,
				E0A6A90F2F0DD8C500D86263 /* ConnectionMonitor.swift */,
				E0A6A9102F0DD8C500D86263 /* GeofenceManager.swift */,
				592AD840CA838392C4D6AE12 /* MotionManager.swift */,
				FEB78ECA975363312D362521 /* PhoneTrackAPI.swift */,
				2DE5987B17790A699A54985D /* SettingsManager.swift */,
				E0A6A9212F10091F00D86263 /* TrackingStateManager.swift */,
				47CF5B2EDC45422DBD72A503 /* PlaceDetectionManager.swift */,
				40E7FDBC00BC4D659B8772ED /* InsightsManager.swift */,
				E0BFC04F2F10710C00B1E23B /* CountriesManager.swift */,
				DBDDE8A370F543099B9BB3E5 /* CityTracker.swift */,
				E076BA102F1502EE0017713E /* CitySearchCompleter.swift */,
			);
			name = Services;
			path = "Been There/Services";
			sourceTree = "<group>";
		};
		57EF73BD4BF24DD8820E20A2 /* Utilities */ = {
			isa = PBXGroup;
			children = (
				E0A6A9132F0DD92100D86263 /* HapticManager.swift */,
				5BF5DCB78311AB9ADB7D4326 /* QRCodeScanner.swift */,
				E0BFC0792F11B35700B1E23B /* Logger.swift */,
				59A4670E34D04416D5781ABF /* UserDefaultsKeys.swift */,
			);
			name = Utilities;
			path = "Been There/Utilities";
			sourceTree = "<group>";
		};
		76388857130F71E4570D29B7 /* App */ = {
			isa = PBXGroup;
			children = (
				4A14DA9CDE6C91B826D53928 /* NextTrackApp.swift */,
			);
			name = App;
			path = "Been There/App";
			sourceTree = "<group>";
		};
		84FA3BC84AD1FCFE8205DF60 = {
			isa = PBXGroup;
			children = (
				76388857130F71E4570D29B7 /* App */,
				A59701D828AED060ACF64617 /* Models */,
				ED110337C62F0F939C8869CC /* Resources */,
				45AE7EF169958114A8E6B25C /* Services */,
				57EF73BD4BF24DD8820E20A2 /* Utilities */,
				92B7A5E57F0B1D3BC31FC12E /* Views */,
				CA649BE50B3AA171AD48E37A /* Products */,
			);
			sourceTree = "<group>";
		};
		92B7A5E57F0B1D3BC31FC12E /* Views */ = {
			isa = PBXGroup;
			children = (
				E0A6A9192F0DDB1A00D86263 /* GeofenceSettingsView.swift */,
				E0BFC05A2F1071A800B1E23B /* CountriesTab */,
				E0SEC0062F164A0000B1E23B /* Security */,
				4C35AAAAD93F2CE96B3BB5E4 /* MainView.swift */,
				E0BFC07D2F11B3A500B1E23B /* OnboardingView.swift */,
				E0BFC07F2F12ED2700B1E23B /* SplashScreenView.swift */,
				E076BA052F143AC40017713E /* QuickFrequencyPillView.swift */,
				E0QGF0002F162B0000B1E23B /* QuickGeofencePillView.swift */,
				E0BFC0872F13162B00B1E23B /* iCloudSyncPopupView.swift */,
				E076BA0C2F14FF920017713E /* VisitedTab */,
				E0A6A91B2F0DE02400D86263 /* CustomTitleHeaderView.swift */,
				E8E44A2D0616D9C0AC17C915 /* MapPreviewView.swift */,
				E076BA182F15326F0017713E /* BackupRestoreView.swift */,
				E076BA1C2F17A5170017713E /* PhotoImportView.swift */,
				E0BFC07B2F11B38500B1E23B /* ErrorBannerView.swift */,
				E0RST0002F163C0000B1E23B /* RestartBannerView.swift */,
				E076BA072F1443F60017713E /* ShatterView.swift */,
				CBDD3DC27AC7D30E608E5F6E /* SettingsView.swift */,
				E0A6A9172F0DDAF900D86263 /* StatsHistoryView.swift */,
				C20D411677CE474BB13A34D8 /* InsightsTab/InsightsView.swift */,
				F2645313D49843ABADFFFAA9 /* PlacesTab/PlacesView.swift */,
				380A6739AA924F0794839A66 /* CitiesTab/CitiesView.swift */,
				4F9A100461CF43B7B6BF03AC /* Components/ScrollableTabBar.swift */,
			);
			name = Views;
			path = "Been There/Views";
			sourceTree = "<group>";
		};
		A59701D828AED060ACF64617 /* Models */ = {
			isa = PBXGroup;
			children = (
				346498DDAE8EE7BA2630A64C /* LocationData.swift */,
				E0BFC0512F10718700B1E23B /* GeoJSONModels.swift */,
				E0BFC0522F10718700B1E23B /* VisitedCountry.swift */,
				E0BFC06F2F11369E00B1E23B /* UKCityData.swift */,
				E076BA1A2F153CFD0017713E /* TrackingSettings.swift */,
				B11E03C0F45DFFECE74D7CA2 /* ServerConfig.swift */,
				E0A6A9152F0DD9D700D86263 /* TrackingHistory.swift */,
				E0BFC0772F11B33800B1E23B /* AppError.swift */,
				E0SEC0002F164A0000B1E23B /* SecuritySettings.swift */,
				3E59F9CEAC0AAD961A876C93 /* TrackingSettings.swift */,
				4B10B6DC1CEB4EF2A062932C /* VisitedCity.swift */,
				CD50B260139B4567B56B9236 /* Insights.swift */,
				B4A6E5DB6608472C859BDAF0 /* DetectedPlace.swift */,
			);
			name = Models;
			path = "Been There/Models";
			sourceTree = "<group>";
		};
		CA649BE50B3AA171AD48E37A /* Products */ = {
			isa = PBXGroup;
			children = (
				00672FCDE1B7F139910A5411 /* Been There.app */,
			);
			name = Products;
			sourceTree = "<group>";
		};
		E076BA0C2F14FF920017713E /* VisitedTab */ = {
			isa = PBXGroup;
			children = (
				E076BA092F14FF920017713E /* PinMarkerView.swift */,
				E076BA0A2F14FF920017713E /* VisitedMapView.swift */,
				E076BA0B2F14FF920017713E /* VisitedView.swift */,
				E076BA192F156A000017713E /* VisitedMapController.swift */,
			);
			path = VisitedTab;
			sourceTree = "<group>";
		};
		E0BFC05A2F1071A800B1E23B /* CountriesTab */ = {
			isa = PBXGroup;
			children = (
				E0BFC0552F1071A800B1E23B /* AddCountrySheet.swift */,
				E0BFC0732F114DD800B1E23B /* AddUKCitySheet.swift */,
				E0BFC0562F1071A800B1E23B /* CountriesListView.swift */,
				E0BFC0572F1071A800B1E23B /* CountriesMapView.swift */,
				E0BFC06B2F11366800B1E23B /* UKCitiesTab */,
				E0BFC0582F1071A800B1E23B /* CountriesView.swift */,
				E0BFC0592F1071A800B1E23B /* CountryDetailView.swift */,
			);
			path = CountriesTab;
			sourceTree = "<group>";
		};
		E0BFC06B2F11366800B1E23B /* UKCitiesTab */ = {
			isa = PBXGroup;
			children = (
				E0BFC0682F11366800B1E23B /* UKCitiesMapView.swift */,
				E0BFC0692F11366800B1E23B /* UKCitiesView.swift */,
				E0BFC06A2F11366800B1E23B /* UKCityDetailSheet.swift */,
			);
			path = UKCitiesTab;
			sourceTree = "<group>";
		};
		E0SEC0062F164A0000B1E23B /* Security */ = {
			isa = PBXGroup;
			children = (
				E0SEC0022F164A0000B1E23B /* AppLockView.swift */,
				E0SEC0042F164A0000B1E23B /* SecuritySettingsView.swift */,
			);
			path = Security;
			sourceTree = "<group>";
		};
		ED110337C62F0F939C8869CC /* Resources */ = {
			isa = PBXGroup;
			children = (
				80B8F4646089AE9F5B1850BE /* Assets.xcassets */,
				E0GEO9876543210FEDCBA01 /* countries.geojson */,
				E0LAD9876543210FEDCBA02 /* uk_lads.geojson */,
				C737BCF0ACCC800B9440F1F7 /* Info.plist */,
				E0BFC0812F12F9C400B1E23B /* Video_Duration_and_Animation_Adjusted.mp4 */,
				0D26E492F1DABC170BFA87B9 /* Been There.entitlements */,
			);
			name = Resources;
			path = "Been There/Resources";
			sourceTree = "<group>";
		};
/* End PBXGroup section */

/* Begin PBXNativeTarget section */
		6B8EBC719256BE7CCD7C6F30 /* Been There */ = {
			isa = PBXNativeTarget;
			buildConfigurationList = 8BF93FC9E97E0ED07C0A646F /* Build configuration list for PBXNativeTarget "Been There" */;
			buildPhases = (
				F2C380F4CA1240F493F481C7 /* Sources */,
				42B8E08B06AFF61C01457DD5 /* Resources */,
			);
			buildRules = (
			);
			dependencies = (
			);
			name = "Been There";
			packageProductDependencies = (
			);
			productName = "Been There";
			productReference = 00672FCDE1B7F139910A5411 /* Been There.app */;
			productType = "com.apple.product-type.application";
		};
/* End PBXNativeTarget section */

/* Begin PBXProject section */
		4ECBD452EEED26019E9082DE /* Project object */ = {
			isa = PBXProject;
			attributes = {
				BuildIndependentTargetsInParallel = YES;
				LastUpgradeCheck = 2600;
				TargetAttributes = {
					6B8EBC719256BE7CCD7C6F30 = {
						ProvisioningStyle = Automatic;
					};
				};
			};
			buildConfigurationList = F5805BE032978ADD627351BD /* Build configuration list for PBXProject "Been There" */;
			compatibilityVersion = "Xcode 14.0";
			developmentRegion = en;
			hasScannedForEncodings = 0;
			knownRegions = (
				Base,
				en,
			);
			mainGroup = 84FA3BC84AD1FCFE8205DF60;
			minimizedProjectReferenceProxies = 1;
			projectDirPath = "";
			projectRoot = "";
			targets = (
				6B8EBC719256BE7CCD7C6F30 /* Been There */,
			);
		};
/* End PBXProject section */

/* Begin PBXResourcesBuildPhase section */
		42B8E08B06AFF61C01457DD5 /* Resources */ = {
			isa = PBXResourcesBuildPhase;
			buildActionMask = 2147483647;
			files = (
				E0BFC0822F12F9C400B1E23B /* Video_Duration_and_Animation_Adjusted.mp4 in Resources */,
				02B3E4CFE5B777C381097507 /* Assets.xcassets in Resources */,
				E0GEO1234567890ABCDEF01 /* countries.geojson in Resources */,
				E0LAD1234567890ABCDEF02 /* uk_lads.geojson in Resources */,
			);
			runOnlyForDeploymentPostprocessing = 0;
		};
/* End PBXResourcesBuildPhase section */

/* Begin PBXSourcesBuildPhase section */
		F2C380F4CA1240F493F481C7 /* Sources */ = {
			isa = PBXSourcesBuildPhase;
			buildActionMask = 2147483647;
			files = (
				E0BFC0702F11369E00B1E23B /* UKCityData.swift in Sources */,
				E0BFC0862F1314BA00B1E23B /* iCloudSyncManager.swift in Sources */,
				E0A6A9162F0DD9D700D86263 /* TrackingHistory.swift in Sources */,
				9B29C10F80635B8C9AB13106 /* BackgroundTaskManager.swift in Sources */,
				E0A6A91A2F0DDB1A00D86263 /* GeofenceSettingsView.swift in Sources */,
				E0BFC0502F10710C00B1E23B /* CountriesManager.swift in Sources */,
				E0A6A9112F0DD8C600D86263 /* ConnectionMonitor.swift in Sources */,
				E0A6A91E2F0E5F2200D86263 /* AutoExportManager.swift in Sources */,
				E0A6A9122F0DD8C600D86263 /* GeofenceManager.swift in Sources */,
				D5F89A5F1DF16B39C36B02DC /* BatteryMonitor.swift in Sources */,
				E0A6A9182F0DDAF900D86263 /* StatsHistoryView.swift in Sources */,
				40A8C892C98899F71E2A4D9A /* LocationData.swift in Sources */,
				0BF97EEC3EA40730A3C65A83 /* LocationManager.swift in Sources */,
				E076BA1B2F153CFD0017713E /* TrackingSettings.swift in Sources */,
				932AC6367091F12AC6481046 /* MainView.swift in Sources */,
				B20E2FAD87B7981167ACAB78 /* MapPreviewView.swift in Sources */,
				E0A6A9222F10091F00D86263 /* TrackingStateManager.swift in Sources */,
				E076BA112F1502EE0017713E /* CitySearchCompleter.swift in Sources */,
				8C03DEBA87B402FCEE4561CC /* MotionManager.swift in Sources */,
				8FE6245B58B232D872565AE6 /* NextTrackApp.swift in Sources */,
				CCED87382434579FEEBA2F67 /* PhoneTrackAPI.swift in Sources */,
				E0BFC0782F11B33800B1E23B /* AppError.swift in Sources */,
				0F0F4B7191FFB2B3353E314B /* QRCodeScanner.swift in Sources */,
				867E1BD7DB67B33955F468C5 /* ServerConfig.swift in Sources */,
				E076BA1F2F17A52F0017713E /* PhotoImportManager.swift in Sources */,
				49E968F2562032E4C88261E4 /* SettingsManager.swift in Sources */,
				7533623D0C051FCE8A6CE289 /* SettingsView.swift in Sources */,
				4E1F894E1B4B077C5EE96BAF /* TrackingSettings.swift in Sources */,
				E0BFC0532F10718700B1E23B /* VisitedCountry.swift in Sources */,
				E076BA082F1443F60017713E /* ShatterView.swift in Sources */,
				E0BFC0542F10718700B1E23B /* GeoJSONModels.swift in Sources */,
				E0A6A9142F0DD92100D86263 /* HapticManager.swift in Sources */,
				E0BFC08A2F1317DE00B1E23B /* FullBackupManager.swift in Sources */,
				E076BA1D2F17A5170017713E /* PhotoImportView.swift in Sources */,
				E0BFC07E2F11B3A500B1E23B /* OnboardingView.swift in Sources */,
				E0BFC0802F12ED2700B1E23B /* SplashScreenView.swift in Sources */,
				DAC048833DBCB45E64DA82FC /* UserDefaultsKeys.swift in Sources */,
				E0A6A91C2F0DE02400D86263 /* CustomTitleHeaderView.swift in Sources */,
				AFECA9F2358249DBA1DA2F06 /* InsightsTab/InsightsView.swift in Sources */,
				04358530F98346A4BB37F44A /* PlacesTab/PlacesView.swift in Sources */,
				22A0363BA41C4FD793295655 /* CitiesTab/CitiesView.swift in Sources */,
				E0BFC07C2F11B38500B1E23B /* ErrorBannerView.swift in Sources */,
				E0RST0012F163C0000B1E23B /* RestartBannerView.swift in Sources */,
				E0BFC05B2F1071A800B1E23B /* CountriesListView.swift in Sources */,
				E0BFC05C2F1071A800B1E23B /* CountryDetailView.swift in Sources */,
				E0BFC05D2F1071A800B1E23B /* CountriesView.swift in Sources */,
				E0BFC05E2F1071A800B1E23B /* CountriesMapView.swift in Sources */,
				E0BFC05F2F1071A800B1E23B /* AddCountrySheet.swift in Sources */,
				D5A336405FFA43D6B0017AEC /* Components/ScrollableTabBar.swift in Sources */,
				E0BFC06C2F11366800B1E23B /* UKCitiesMapView.swift in Sources */,
				E0BFC06D2F11366800B1E23B /* UKCityDetailSheet.swift in Sources */,
				E076BA0D2F14FF920017713E /* VisitedView.swift in Sources */,
				E076BA0E2F14FF920017713E /* PinMarkerView.swift in Sources */,
				E076BA0F2F14FF920017713E /* VisitedMapView.swift in Sources */,
				E076BA182F156A000017713E /* VisitedMapController.swift in Sources */,
				E0BFC06E2F11366800B1E23B /* UKCitiesView.swift in Sources */,
				E076BA192F15326F0017713E /* BackupRestoreView.swift in Sources */,
				3E39533E64764515B5E4F4DF /* PlaceDetectionManager.swift in Sources */,
				E0BFC07A2F11B35700B1E23B /* Logger.swift in Sources */,
				6BBD5885F97941F090273805 /* InsightsManager.swift in Sources */,
				E0BFC0882F13162B00B1E23B /* iCloudSyncPopupView.swift in Sources */,
				E076BA062F143AC40017713E /* QuickFrequencyPillView.swift in Sources */,
				E0QGF0012F162B0000B1E23B /* QuickGeofencePillView.swift in Sources */,
				E0BFC0742F114DD800B1E23B /* AddUKCitySheet.swift in Sources */,
				E0BFC0762F11B27100B1E23B /* ErrorStateManager.swift in Sources */,
				E0BFC0722F1136B000B1E23B /* UKCitiesManager.swift in Sources */,
				ADF716196ED7485597079DDA /* CityTracker.swift in Sources */,
				DC1F6BE7E2ED4284BEA9EE55 /* VisitedCity.swift in Sources */,
				CC21C639C49E4BD68A0BC3E1 /* Insights.swift in Sources */,
				D539ED02DD184478A42988FC /* DetectedPlace.swift in Sources */,
				E0SEC0012F164A0000B1E23B /* SecuritySettings.swift in Sources */,
				E0SEC0032F164A0000B1E23B /* AppLockView.swift in Sources */,
				E0SEC0052F164A0000B1E23B /* SecuritySettingsView.swift in Sources */,
			);
			runOnlyForDeploymentPostprocessing = 0;
		};
/* End PBXSourcesBuildPhase section */

/* Begin XCBuildConfiguration section */
		36113121C20574DCB8F312CB /* Release */ = {
			isa = XCBuildConfiguration;
			buildSettings = {
				ALWAYS_SEARCH_USER_PATHS = NO;
				CLANG_ANALYZER_NONNULL = YES;
				CLANG_ANALYZER_NUMBER_OBJECT_CONVERSION = YES_AGGRESSIVE;
				CLANG_CXX_LANGUAGE_STANDARD = "gnu++14";
				CLANG_CXX_LIBRARY = "libc++";
				CLANG_ENABLE_MODULES = YES;
				CLANG_ENABLE_OBJC_ARC = YES;
				CLANG_ENABLE_OBJC_WEAK = YES;
				CLANG_WARN_BLOCK_CAPTURE_AUTORELEASING = YES;
				CLANG_WARN_BOOL_CONVERSION = YES;
				CLANG_WARN_COMMA = YES;
				CLANG_WARN_CONSTANT_CONVERSION = YES;
				CLANG_WARN_DEPRECATED_OBJC_IMPLEMENTATIONS = YES;
				CLANG_WARN_DIRECT_OBJC_ISA_USAGE = YES_ERROR;
				CLANG_WARN_DOCUMENTATION_COMMENTS = YES;
				CLANG_WARN_EMPTY_BODY = YES;
				CLANG_WARN_ENUM_CONVERSION = YES;
				CLANG_WARN_INFINITE_RECURSION = YES;
				CLANG_WARN_INT_CONVERSION = YES;
				CLANG_WARN_NON_LITERAL_NULL_CONVERSION = YES;
				CLANG_WARN_OBJC_IMPLICIT_RETAIN_SELF = YES;
				CLANG_WARN_OBJC_LITERAL_CONVERSION = YES;
				CLANG_WARN_OBJC_ROOT_CLASS = YES_ERROR;
				CLANG_WARN_QUOTED_INCLUDE_IN_FRAMEWORK_HEADER = YES;
				CLANG_WARN_RANGE_LOOP_ANALYSIS = YES;
				CLANG_WARN_STRICT_PROTOTYPES = YES;
				CLANG_WARN_SUSPICIOUS_MOVE = YES;
				CLANG_WARN_UNGUARDED_AVAILABILITY = YES_AGGRESSIVE;
				CLANG_WARN_UNREACHABLE_CODE = YES;
				CLANG_WARN__DUPLICATE_METHOD_MATCH = YES;
				CODE_SIGN_STYLE = Automatic;
				COPY_PHASE_STRIP = NO;
				CURRENT_PROJECT_VERSION = 1;
				DEBUG_INFORMATION_FORMAT = "dwarf-with-dsym";
				DEVELOPMENT_TEAM = KQCJJK9F42;
				ENABLE_NS_ASSERTIONS = NO;
				ENABLE_STRICT_OBJC_MSGSEND = YES;
				ENABLE_USER_SCRIPT_SANDBOXING = YES;
				GCC_C_LANGUAGE_STANDARD = gnu11;
				GCC_NO_COMMON_BLOCKS = YES;
				GCC_WARN_64_TO_32_BIT_CONVERSION = YES;
				GCC_WARN_ABOUT_RETURN_TYPE = YES_ERROR;
				GCC_WARN_UNDECLARED_SELECTOR = YES;
				GCC_WARN_UNINITIALIZED_AUTOS = YES_AGGRESSIVE;
				GCC_WARN_UNUSED_FUNCTION = YES;
				GCC_WARN_UNUSED_VARIABLE = YES;
				INFOPLIST_FILE = "Been There/Resources/Info.plist";
				IPHONEOS_DEPLOYMENT_TARGET = 16.0;
				MARKETING_VERSION = 1.0.0;
				MTL_ENABLE_DEBUG_INFO = NO;
				MTL_FAST_MATH = YES;
				PRODUCT_NAME = "$(TARGET_NAME)";
				SDKROOT = iphoneos;
				STRING_CATALOG_GENERATE_SYMBOLS = YES;
				SWIFT_COMPILATION_MODE = wholemodule;
				SWIFT_OPTIMIZATION_LEVEL = "-O";
				SWIFT_VERSION = 5.9;
				TARGETED_DEVICE_FAMILY = "1,2";
			};
			name = Release;
		};
		664FC726C0B4B1957A9D7C15 /* Debug */ = {
			isa = XCBuildConfiguration;
			buildSettings = {
				ALWAYS_SEARCH_USER_PATHS = NO;
				CLANG_ANALYZER_NONNULL = YES;
				CLANG_ANALYZER_NUMBER_OBJECT_CONVERSION = YES_AGGRESSIVE;
				CLANG_CXX_LANGUAGE_STANDARD = "gnu++14";
				CLANG_CXX_LIBRARY = "libc++";
				CLANG_ENABLE_MODULES = YES;
				CLANG_ENABLE_OBJC_ARC = YES;
				CLANG_ENABLE_OBJC_WEAK = YES;
				CLANG_WARN_BLOCK_CAPTURE_AUTORELEASING = YES;
				CLANG_WARN_BOOL_CONVERSION = YES;
				CLANG_WARN_COMMA = YES;
				CLANG_WARN_CONSTANT_CONVERSION = YES;
				CLANG_WARN_DEPRECATED_OBJC_IMPLEMENTATIONS = YES;
				CLANG_WARN_DIRECT_OBJC_ISA_USAGE = YES_ERROR;
				CLANG_WARN_DOCUMENTATION_COMMENTS = YES;
				CLANG_WARN_EMPTY_BODY = YES;
				CLANG_WARN_ENUM_CONVERSION = YES;
				CLANG_WARN_INFINITE_RECURSION = YES;
				CLANG_WARN_INT_CONVERSION = YES;
				CLANG_WARN_NON_LITERAL_NULL_CONVERSION = YES;
				CLANG_WARN_OBJC_IMPLICIT_RETAIN_SELF = YES;
				CLANG_WARN_OBJC_LITERAL_CONVERSION = YES;
				CLANG_WARN_OBJC_ROOT_CLASS = YES_ERROR;
				CLANG_WARN_QUOTED_INCLUDE_IN_FRAMEWORK_HEADER = YES;
				CLANG_WARN_RANGE_LOOP_ANALYSIS = YES;
				CLANG_WARN_STRICT_PROTOTYPES = YES;
				CLANG_WARN_SUSPICIOUS_MOVE = YES;
				CLANG_WARN_UNGUARDED_AVAILABILITY = YES_AGGRESSIVE;
				CLANG_WARN_UNREACHABLE_CODE = YES;
				CLANG_WARN__DUPLICATE_METHOD_MATCH = YES;
				CODE_SIGN_STYLE = Automatic;
				COPY_PHASE_STRIP = NO;
				CURRENT_PROJECT_VERSION = 1;
				DEBUG_INFORMATION_FORMAT = dwarf;
				DEVELOPMENT_TEAM = KQCJJK9F42;
				ENABLE_STRICT_OBJC_MSGSEND = YES;
				ENABLE_TESTABILITY = YES;
				ENABLE_USER_SCRIPT_SANDBOXING = YES;
				GCC_C_LANGUAGE_STANDARD = gnu11;
				GCC_DYNAMIC_NO_PIC = NO;
				GCC_NO_COMMON_BLOCKS = YES;
				GCC_OPTIMIZATION_LEVEL = 0;
				GCC_PREPROCESSOR_DEFINITIONS = (
					"$(inherited)",
					"DEBUG=1",
				);
				GCC_WARN_64_TO_32_BIT_CONVERSION = YES;
				GCC_WARN_ABOUT_RETURN_TYPE = YES_ERROR;
				GCC_WARN_UNDECLARED_SELECTOR = YES;
				GCC_WARN_UNINITIALIZED_AUTOS = YES_AGGRESSIVE;
				GCC_WARN_UNUSED_FUNCTION = YES;
				GCC_WARN_UNUSED_VARIABLE = YES;
				INFOPLIST_FILE = "Been There/Resources/Info.plist";
				IPHONEOS_DEPLOYMENT_TARGET = 16.0;
				MARKETING_VERSION = 1.0.0;
				MTL_ENABLE_DEBUG_INFO = INCLUDE_SOURCE;
				MTL_FAST_MATH = YES;
				ONLY_ACTIVE_ARCH = YES;
				PRODUCT_NAME = "$(TARGET_NAME)";
				SDKROOT = iphoneos;
				STRING_CATALOG_GENERATE_SYMBOLS = YES;
				SWIFT_ACTIVE_COMPILATION_CONDITIONS = DEBUG;
				SWIFT_OPTIMIZATION_LEVEL = "-Onone";
				SWIFT_VERSION = 5.9;
				TARGETED_DEVICE_FAMILY = "1,2";
			};
			name = Debug;
		};
		70A2A7E39245249353AEE209 /* Debug */ = {
			isa = XCBuildConfiguration;
			buildSettings = {
				ASSETCATALOG_COMPILER_APPICON_NAME = AppIcon;
				ASSETCATALOG_COMPILER_GLOBAL_ACCENT_COLOR_NAME = AccentColor;
				CODE_SIGN_ENTITLEMENTS = "Been There/Resources/Been There.entitlements";
				CODE_SIGN_IDENTITY = "iPhone Developer";
				ENABLE_PREVIEWS = YES;
				INFOPLIST_FILE = "Been There/Resources/Info.plist";
				INFOPLIST_KEY_CFBundleDisplayName = "Been There";
				IPHONEOS_DEPLOYMENT_TARGET = 17.6;
				LD_RUNPATH_SEARCH_PATHS = (
					"$(inherited)",
					"@executable_path/Frameworks",
				);
				PRODUCT_BUNDLE_IDENTIFIER = com.personal.beenthere;
				SDKROOT = iphoneos;
				TARGETED_DEVICE_FAMILY = "1,2";
			};
			name = Debug;
		};
		D2202DC41A89487D2E246E5F /* Release */ = {
			isa = XCBuildConfiguration;
			buildSettings = {
				ASSETCATALOG_COMPILER_APPICON_NAME = AppIcon;
				ASSETCATALOG_COMPILER_GLOBAL_ACCENT_COLOR_NAME = AccentColor;
				CODE_SIGN_ENTITLEMENTS = "Been There/Resources/Been There.entitlements";
				CODE_SIGN_IDENTITY = "iPhone Developer";
				ENABLE_PREVIEWS = YES;
				INFOPLIST_FILE = "Been There/Resources/Info.plist";
				INFOPLIST_KEY_CFBundleDisplayName = "Been There";
				IPHONEOS_DEPLOYMENT_TARGET = 17.6;
				LD_RUNPATH_SEARCH_PATHS = (
					"$(inherited)",
					"@executable_path/Frameworks",
				);
				PRODUCT_BUNDLE_IDENTIFIER = com.personal.beenthere;
				SDKROOT = iphoneos;
				TARGETED_DEVICE_FAMILY = "1,2";
			};
			name = Release;
		};
/* End XCBuildConfiguration section */

/* Begin XCConfigurationList section */
		8BF93FC9E97E0ED07C0A646F /* Build configuration list for PBXNativeTarget "Been There" */ = {
			isa = XCConfigurationList;
			buildConfigurations = (
				70A2A7E39245249353AEE209 /* Debug */,
				D2202DC41A89487D2E246E5F /* Release */,
			);
			defaultConfigurationIsVisible = 0;
			defaultConfigurationName = Debug;
		};
		F5805BE032978ADD627351BD /* Build configuration list for PBXProject "Been There" */ = {
			isa = XCConfigurationList;
			buildConfigurations = (
				664FC726C0B4B1957A9D7C15 /* Debug */,
				36113121C20574DCB8F312CB /* Release */,
			);
			defaultConfigurationIsVisible = 0;
			defaultConfigurationName = Debug;
		};
/* End XCConfigurationList section */
	};
	rootObject = 4ECBD452EEED26019E9082DE /* Project object */;
}
